
Microsoft Visual Studio Solution File, Format Version 12.00
# Visual Studio Version 16
VisualStudioVersion = 16.0.31515.178
MinimumVisualStudioVersion = 10.0.40219.1
Project("{FAE04EC0-301F-11D3-BF4B-00C04F79EFBC}") = "Telegram WPF", "Telegram WPF\Telegram WPF.csproj", "{F2D115B0-8A66-4895-B4BF-ADF5E6E82085}"
EndProject
Global
	GlobalSection(SolutionConfigurationPlatforms) = preSolution
		Debug|Any CPU = Debug|Any CPU
		Release|Any CPU = Release|Any CPU
	EndGlobalSection
	GlobalSection(ProjectConfigurationPlatforms) = postSolution
		{F2D115B0-8A66-4895-B4BF-ADF5E6E82085}.Debug|Any CPU.ActiveCfg = Debug|Any CPU
		{F2D115B0-8A66-4895-B4BF-ADF5E6E82085}.Debug|Any CPU.Build.0 = Debug|Any CPU
		{F2D115B0-8A66-4895-B4BF-ADF5E6E82085}.Release|Any CPU.ActiveCfg = Release|Any CPU
		{F2D115B0-8A66-4895-B4BF-ADF5E6E82085}.Release|Any CPU.Build.0 = Release|Any CPU
	EndGlobalSection
	GlobalSection(SolutionProperties) = preSolution
		HideSolutionNode = FALSE
	EndGlobalSection
	GlobalSection(ExtensibilityGlobals) = postSolution
		SolutionGuid = {09D0F60D-FF33-42B9-B68B-099240DC3FB4}
	EndGlobalSection
EndGlobal
